dependencies:
- name: clickhouse
  repository: file://../../cluster-nodes/clickhouse
  version: 0.1.0
- name: cerberus
  repository: file://../../cluster-nodes/cerberus
  version: 0.1.0
- name: otel-collector
  repository: file://../../cluster-nodes/otel-collector
  version: 0.1.0
- name: grafana
  repository: file://../../cluster-nodes/grafana
  version: 0.1.0
- name: alertmanager
  repository: file://../../cluster-nodes/alertmanager
  version: 0.1.0
- name: demo-load
  repository: file://../../cluster-nodes/demo-load
  version: 0.1.0
digest: sha256:a5d09c5122967b987a6caee7281417803fb7162e4ef9820bd17d2493faf7004c
generated: "2026-10-10T15:07:47.466461737-04:00"
